# THIS IS AN AUTOGENERATED FILE. DO NOT EDIT THIS FILE DIRECTLY.
# yarn lockfile v1


"@ec-europa/ecl-base@^0.1.0":
  version "0.1.0"
  resolved "https://registry.yarnpkg.com/@ec-europa/ecl-base/-/ecl-base-0.1.0.tgz#5c5ac6ee3b8ddfb8ebd0fd3a87d29948f2a3b655"

"@ec-europa/ecl-clearfix@^0.1.0":
  version "0.1.0"
  resolved "https://registry.yarnpkg.com/@ec-europa/ecl-clearfix/-/ecl-clearfix-0.1.0.tgz#226a802453279410876b5713ef3dce6466657e6e"

"@ec-europa/ecl-flex@^0.1.0":
  version "0.1.0"
  resolved "https://registry.yarnpkg.com/@ec-europa/ecl-flex/-/ecl-flex-0.1.0.tgz#0f196d69be9859c714fec2619fe605a7c79fbdde"

"@ec-europa/ecl-font-size@^0.1.0":
  version "0.1.0"
  resolved "https://registry.yarnpkg.com/@ec-europa/ecl-font-size/-/ecl-font-size-0.1.0.tgz#15c27f2f94d0db5e35f4b591c02a10168b27f32c"

"@ec-europa/ecl-grid@^0.1.0":
  version "0.1.0"
  resolved "https://registry.yarnpkg.com/@ec-europa/ecl-grid/-/ecl-grid-0.1.0.tgz#186028dfa2555ac010555c17439dbf6830869d25"

"@ec-europa/ecl-icons@^0.2.0":
  version "0.2.0"
  resolved "https://registry.yarnpkg.com/@ec-europa/ecl-icons/-/ecl-icons-0.2.0.tgz#a297eb03759dff889df02f811e2dc208413d2754"

"@ec-europa/ecl-images@^0.1.0":
  version "0.1.0"
  resolved "https://registry.yarnpkg.com/@ec-europa/ecl-images/-/ecl-images-0.1.0.tgz#55dc4a755cd6c9dc1c794405970cedfe2f18320d"

"@ec-europa/ecl-logos@^0.2.0":
  version "0.2.0"
  resolved "https://registry.yarnpkg.com/@ec-europa/ecl-logos/-/ecl-logos-0.2.0.tgz#5e0239c7438b2fb4ee2ef328355d4666c4525389"

"@ec-europa/ecl-margin@^0.1.0":
  version "0.1.0"
  resolved "https://registry.yarnpkg.com/@ec-europa/ecl-margin/-/ecl-margin-0.1.0.tgz#6b3e8ca986e66cfb518efaa2f20e8efffc0bd5be"

"@ec-europa/ecl-padding@^0.1.0":
  version "0.1.0"
  resolved "https://registry.yarnpkg.com/@ec-europa/ecl-padding/-/ecl-padding-0.1.0.tgz#2c375892e1517965bf14b75e09c19f0e8e6f9da3"

"@ec-europa/ecl-screen-reader@^0.1.0":
  version "0.1.0"
  resolved "https://registry.yarnpkg.com/@ec-europa/ecl-screen-reader/-/ecl-screen-reader-0.1.0.tgz#48733207af54c17d697d4fa57144892e53e8be1a"

"@ec-europa/ecl-tables@^0.1.0":
  version "0.1.0"
  resolved "https://registry.yarnpkg.com/@ec-europa/ecl-tables/-/ecl-tables-0.1.0.tgz#ed60c545b5df3e7cb676bfb3e12f86f59e7107a7"

"@ec-europa/ecl-typography-blockquotes@^0.1.0":
  version "0.1.0"
  resolved "https://registry.yarnpkg.com/@ec-europa/ecl-typography-blockquotes/-/ecl-typography-blockquotes-0.1.0.tgz#28159c6cc04b0abc9454e7e5c89f319b92ea5fac"

"@ec-europa/ecl-typography-headings@^0.1.0":
  version "0.1.0"
  resolved "https://registry.yarnpkg.com/@ec-europa/ecl-typography-headings/-/ecl-typography-headings-0.1.0.tgz#8f404e1f915c250b159143c631ff701132afb7ff"

"@ec-europa/ecl-typography-links@^0.1.0":
  version "0.1.0"
  resolved "https://registry.yarnpkg.com/@ec-europa/ecl-typography-links/-/ecl-typography-links-0.1.0.tgz#cfdace43e46a3f3c25f057482096f62863a61bf0"

"@ec-europa/ecl-typography-lists@^0.1.0":
  version "0.1.0"
  resolved "https://registry.yarnpkg.com/@ec-europa/ecl-typography-lists/-/ecl-typography-lists-0.1.0.tgz#89ba2e0168cb806dce479b4f74fb642912a2b69d"

"@ec-europa/ecl-typography-paragraphs@^0.1.0":
  version "0.1.0"
  resolved "https://registry.yarnpkg.com/@ec-europa/ecl-typography-paragraphs/-/ecl-typography-paragraphs-0.1.0.tgz#cadf7d2eeb967565fe75fd8fdf17c1a76d1d69e0"
