# THIS IS AN AUTOGENERATED FILE. DO NOT EDIT THIS FILE DIRECTLY.
# yarn lockfile v1


"@ec-europa/ecl-base@0.4.0":
  version "0.4.0"
  resolved "https://registry.yarnpkg.com/@ec-europa/ecl-base/-/ecl-base-0.4.0.tgz#770effddd59df650deb08d7ed74e3d1f59994a8f"

"@ec-europa/ecl-buttons@0.5.0":
  version "0.5.0"
  resolved "https://registry.yarnpkg.com/@ec-europa/ecl-buttons/-/ecl-buttons-0.5.0.tgz#2825eb5dd76f4c05fa4007b77a5c47db2f3fe1b9"

"@ec-europa/ecl-clearfix@0.3.0":
  version "0.3.0"
  resolved "https://registry.yarnpkg.com/@ec-europa/ecl-clearfix/-/ecl-clearfix-0.3.0.tgz#9836c24b1f532560f8690f8562eb7d2681be3af5"

"@ec-europa/ecl-colorize@0.2.0":
  version "0.2.0"
  resolved "https://registry.yarnpkg.com/@ec-europa/ecl-colorize/-/ecl-colorize-0.2.0.tgz#11eb0345f9deb05e8e6fd4b749b9e5750d8b69f5"

"@ec-europa/ecl-colors@0.2.1":
  version "0.2.1"
  resolved "https://registry.yarnpkg.com/@ec-europa/ecl-colors/-/ecl-colors-0.2.1.tgz#f5d3ad64a2d3a267d990fde296f3b139a90ba700"

"@ec-europa/ecl-flex@0.3.0":
  version "0.3.0"
  resolved "https://registry.yarnpkg.com/@ec-europa/ecl-flex/-/ecl-flex-0.3.0.tgz#4ddb171ac135271bfbb44896786e9d7f2de7c27a"

"@ec-europa/ecl-font-size@0.4.0":
  version "0.4.0"
  resolved "https://registry.yarnpkg.com/@ec-europa/ecl-font-size/-/ecl-font-size-0.4.0.tgz#23470477f92b7c595cec4f35b0d19ac28db1fc34"

"@ec-europa/ecl-footers@0.5.0":
  version "0.5.0"
  resolved "https://registry.yarnpkg.com/@ec-europa/ecl-footers/-/ecl-footers-0.5.0.tgz#4af48d34b83857908a8d9eb337c32276a10131e7"

"@ec-europa/ecl-forms-form-groups@0.4.0":
  version "0.4.0"
  resolved "https://registry.yarnpkg.com/@ec-europa/ecl-forms-form-groups/-/ecl-forms-form-groups-0.4.0.tgz#e439205fcbf284e343f6981329fe38fbaa28382d"

"@ec-europa/ecl-forms-help-blocks@0.4.0":
  version "0.4.0"
  resolved "https://registry.yarnpkg.com/@ec-europa/ecl-forms-help-blocks/-/ecl-forms-help-blocks-0.4.0.tgz#dde485dfb74f36d5d76603885aa28c0231e48a6f"

"@ec-europa/ecl-forms-text-inputs@0.4.0":
  version "0.4.0"
  resolved "https://registry.yarnpkg.com/@ec-europa/ecl-forms-text-inputs/-/ecl-forms-text-inputs-0.4.0.tgz#b35baea6d931df6e0a3d95e9b62cc238d9f6e376"

"@ec-europa/ecl-grid@0.3.0":
  version "0.3.0"
  resolved "https://registry.yarnpkg.com/@ec-europa/ecl-grid/-/ecl-grid-0.3.0.tgz#cd16310baadf301bfdb10e448c1a0361555593f8"

"@ec-europa/ecl-header-search-bars@0.4.0":
  version "0.4.0"
  resolved "https://registry.yarnpkg.com/@ec-europa/ecl-header-search-bars/-/ecl-header-search-bars-0.4.0.tgz#73f97dc504a3a78a1795510ab8ca70f0f42283ba"

"@ec-europa/ecl-icons@0.4.1":
  version "0.4.1"
  resolved "https://registry.yarnpkg.com/@ec-europa/ecl-icons/-/ecl-icons-0.4.1.tgz#17fbd2fe63cc1574e822de44148380e24e9a2766"

"@ec-europa/ecl-images@0.3.1":
  version "0.3.1"
  resolved "https://registry.yarnpkg.com/@ec-europa/ecl-images/-/ecl-images-0.3.1.tgz#7daef85a2c471914dca58b6eaa6cf0832f6f7a15"

"@ec-europa/ecl-lang-select-sites@0.4.0":
  version "0.4.0"
  resolved "https://registry.yarnpkg.com/@ec-europa/ecl-lang-select-sites/-/ecl-lang-select-sites-0.4.0.tgz#dc63622964b49f56c2aee44d52b9f2fa75fdb3f6"

"@ec-europa/ecl-legacy-bootstrap-grid@0.3.0":
  version "0.3.0"
  resolved "https://registry.yarnpkg.com/@ec-europa/ecl-legacy-bootstrap-grid/-/ecl-legacy-bootstrap-grid-0.3.0.tgz#5935018a768175f8b12e5b6a26c7798aa732e5e3"

"@ec-europa/ecl-logos@0.5.0":
  version "0.5.0"
  resolved "https://registry.yarnpkg.com/@ec-europa/ecl-logos/-/ecl-logos-0.5.0.tgz#e5fe0e77e6258bf7c77d7f97a14e2cfb5f4b0e95"

"@ec-europa/ecl-margin@0.3.0":
  version "0.3.0"
  resolved "https://registry.yarnpkg.com/@ec-europa/ecl-margin/-/ecl-margin-0.3.0.tgz#ec2cc530ec47eb658ef98b667bd23bdc8a64cffc"

"@ec-europa/ecl-meta@0.5.1":
  version "0.5.1"
  resolved "https://registry.yarnpkg.com/@ec-europa/ecl-meta/-/ecl-meta-0.5.1.tgz#a1b86fb71caf0a30ed534a223517dcb884840f18"

"@ec-europa/ecl-padding@0.3.0":
  version "0.3.0"
  resolved "https://registry.yarnpkg.com/@ec-europa/ecl-padding/-/ecl-padding-0.3.0.tgz#fdac1c0e9b4d356fcc95600745a732388ec994ba"

"@ec-europa/ecl-page-headers@0.5.1":
  version "0.5.1"
  resolved "https://registry.yarnpkg.com/@ec-europa/ecl-page-headers/-/ecl-page-headers-0.5.1.tgz#c82fa2ec4a8b55639de725ffd35457ca114fae0c"

"@ec-europa/ecl-screen-reader@0.3.0":
  version "0.3.0"
  resolved "https://registry.yarnpkg.com/@ec-europa/ecl-screen-reader/-/ecl-screen-reader-0.3.0.tgz#1ccb6a6705576ca36ec5bae6535e3ea3d9abdb42"

"@ec-europa/ecl-search-forms@0.5.0":
  version "0.5.0"
  resolved "https://registry.yarnpkg.com/@ec-europa/ecl-search-forms/-/ecl-search-forms-0.5.0.tgz#486a264c292a1c46d3a36e9e0c845382059d9783"

"@ec-europa/ecl-site-headers@0.5.0":
  version "0.5.0"
  resolved "https://registry.yarnpkg.com/@ec-europa/ecl-site-headers/-/ecl-site-headers-0.5.0.tgz#50c97525212c5b8dc060c02f350270dcb1d5221e"

"@ec-europa/ecl-tables@0.5.0":
  version "0.5.0"
  resolved "https://registry.yarnpkg.com/@ec-europa/ecl-tables/-/ecl-tables-0.5.0.tgz#6969e3ea22deed0e0bc3994e292e93b49e75ce59"

"@ec-europa/ecl-typography-blockquotes@0.3.0":
  version "0.3.0"
  resolved "https://registry.yarnpkg.com/@ec-europa/ecl-typography-blockquotes/-/ecl-typography-blockquotes-0.3.0.tgz#7a934efc319755ec6f3b5a55589e336645ec8674"

"@ec-europa/ecl-typography-headings@0.3.1":
  version "0.3.1"
  resolved "https://registry.yarnpkg.com/@ec-europa/ecl-typography-headings/-/ecl-typography-headings-0.3.1.tgz#e56250bd8b3a5983c9b2fb7d6c5d15fda417c049"

"@ec-europa/ecl-typography-links@0.3.0":
  version "0.3.0"
  resolved "https://registry.yarnpkg.com/@ec-europa/ecl-typography-links/-/ecl-typography-links-0.3.0.tgz#7d26f6dee52e19401b93999cf984ee6415e30e0e"

"@ec-europa/ecl-typography-lists@0.3.1":
  version "0.3.1"
  resolved "https://registry.yarnpkg.com/@ec-europa/ecl-typography-lists/-/ecl-typography-lists-0.3.1.tgz#26890cdf7084a122f0c4e3e8f8def0589b951df5"

"@ec-europa/ecl-typography-paragraphs@0.3.1":
  version "0.3.1"
  resolved "https://registry.yarnpkg.com/@ec-europa/ecl-typography-paragraphs/-/ecl-typography-paragraphs-0.3.1.tgz#7423177156dad9e1aa1b44f6b81b22b10638a4a6"
